// !$*UTF8*$!
{
	archiveVersion = 1;
	classes = {
	};
	objectVersion = 56;
	objects = {

/* Begin PBXBuildFile section */
		478D4A02289227CE00C4848F /* UI_624App.swift in Sources */ = {isa = PBXBuildFile; fileRef = 478D4A01289227CE00C4848F /* UI_624App.swift */; };
		478D4A04289227CE00C4848F /* ContentView.swift in Sources */ = {isa = PBXBuildFile; fileRef = 478D4A03289227CE00C4848F /* ContentView.swift */; };
		478D4A06289227CF00C4848F /* Assets.xcassets in Resources */ = {isa = PBXBuildFile; fileRef = 478D4A05289227CF00C4848F /* Assets.xcassets */; };
		478D4A09289227CF00C4848F /* Preview Assets.xcassets in Resources */ = {isa = PBXBuildFile; fileRef = 478D4A08289227CF00C4848F /* Preview Assets.xcassets */; };
		478D4A13289227CF00C4848F /* UI_624Tests.swift in Sources */ = {isa = PBXBuildFile; fileRef = 478D4A12289227CF00C4848F /* UI_624Tests.swift */; };
		478D4A1D289227CF00C4848F /* UI_624UITests.swift in Sources */ = {isa = PBXBuildFile; fileRef = 478D4A1C289227CF00C4848F /* UI_624UITests.swift */; };
		478D4A1F289227CF00C4848F /* UI_624UITestsLaunchTests.swift in Sources */ = {isa = PBXBuildFile; fileRef = 478D4A1E289227CF00C4848F /* UI_624UITestsLaunchTests.swift */; };
		478D4A2E289227F800C4848F /* BrethType.swift in Sources */ = {isa = PBXBuildFile; fileRef = 478D4A2D289227F800C4848F /* BrethType.swift */; };
		478D4A302892280B00C4848F /* Home.swift in Sources */ = {isa = PBXBuildFile; fileRef = 478D4A2F2892280B00C4848F /* Home.swift */; };
/* End PBXBuildFile section */

/* Begin PBXContainerItemProxy section */
		478D4A0F289227CF00C4848F /* PBXContainerItemProxy */ = {
			isa = PBXContainerItemProxy;
			containerPortal = 478D49F6289227CE00C4848F /* Project object */;
			proxyType = 1;
			remoteGlobalIDString = 478D49FD289227CE00C4848F;
			remoteInfo = "UI-624";
		};
		478D4A19289227CF00C4848F /* PBXContainerItemProxy */ = {
			isa = PBXContainerItemProxy;
			containerPortal = 478D49F6289227CE00C4848F /* Project object */;
			proxyType = 1;
			remoteGlobalIDString = 478D49FD289227CE00C4848F;
			remoteInfo = "UI-624";
		};
/* End PBXContainerItemProxy section */

/* Begin PBXFileReference section */
		478D49FE289227CE00C4848F /* UI-624.app */ = {isa = PBXFileReference; explicitFileType = wrapper.application; includeInIndex = 0; path = "UI-624.app"; sourceTree = BUILT_PRODUCTS_DIR; };
		478D4A01289227CE00C4848F /* UI_624App.swift */ = {isa = PBXFileReference; lastKnownFileType = sourcecode.swift; path = UI_624App.swift; sourceTree = "<group>"; };
		478D4A03289227CE00C4848F /* ContentView.swift */ = {isa = PBXFileReference; lastKnownFileType = sourcecode.swift; path = ContentView.swift; sourceTree = "<group>"; };
		478D4A05289227CF00C4848F /* Assets.xcassets */ = {isa = PBXFileReference; lastKnownFileType = folder.assetcatalog; path = Assets.xcassets; sourceTree = "<group>"; };
		478D4A08289227CF00C4848F /* Preview Assets.xcassets */ = {isa = PBXFileReference; lastKnownFileType = folder.assetcatalog; path = "Preview Assets.xcassets"; sourceTree = "<group>"; };
		478D4A0E289227CF00C4848F /* UI-624Tests.xctest */ = {isa = PBXFileReference; explicitFileType = wrapper.cfbundle; includeInIndex = 0; path = "UI-624Tests.xctest"; sourceTree = BUILT_PRODUCTS_DIR; };
		478D4A12289227CF00C4848F /* UI_624Tests.swift */ = {isa = PBXFileReference; lastKnownFileType = sourcecode.swift; path = UI_624Tests.swift; sourceTree = "<group>"; };
		478D4A18289227CF00C4848F /* UI-624UITests.xctest */ = {isa = PBXFileReference; explicitFileType = wrapper.cfbundle; includeInIndex = 0; path = "UI-624UITests.xctest"; sourceTree = BUILT_PRODUCTS_DIR; };
		478D4A1C289227CF00C4848F /* UI_624UITests.swift */ = {isa = PBXFileReference; lastKnownFileType = sourcecode.swift; path = UI_624UITests.swift; sourceTree = "<group>"; };
		478D4A1E289227CF00C4848F /* UI_624UITestsLaunchTests.swift */ = {isa = PBXFileReference; lastKnownFileType = sourcecode.swift; path = UI_624UITestsLaunchTests.swift; sourceTree = "<group>"; };
		478D4A2D289227F800C4848F /* BrethType.swift */ = {isa = PBXFileReference; lastKnownFileType = sourcecode.swift; path = BrethType.swift; sourceTree = "<group>"; };
		478D4A2F2892280B00C4848F /* Home.swift */ = {isa = PBXFileReference; lastKnownFileType = sourcecode.swift; path = Home.swift; sourceTree = "<group>"; };
/* End PBXFileReference section */

/* Begin PBXFrameworksBuildPhase section */
		478D49FB289227CE00C4848F /* Frameworks */ = {
			isa = PBXFrameworksBuildPhase;
			buildActionMask = 2147483647;
			files = (
			);
			runOnlyForDeploymentPostprocessing = 0;
		};
		478D4A0B289227CF00C4848F /* Frameworks */ = {
			isa = PBXFrameworksBuildPhase;
			buildActionMask = 2147483647;
			files = (
			);
			runOnlyForDeploymentPostprocessing = 0;
		};
		478D4A15289227CF00C4848F /* Frameworks */ = {
			isa = PBXFrameworksBuildPhase;
			buildActionMask = 2147483647;
			files = (
			);
			runOnlyForDeploymentPostprocessing = 0;
		};
/* End PBXFrameworksBuildPhase section */

/* Begin PBXGroup section */
		478D49F5289227CE00C4848F = {
			isa = PBXGroup;
			children = (
				478D4A00289227CE00C4848F /* UI-624 */,
				478D4A11289227CF00C4848F /* UI-624Tests */,
				478D4A1B289227CF00C4848F /* UI-624UITests */,
				478D49FF289227CE00C4848F /* Products */,
			);
			sourceTree = "<group>";
		};
		478D49FF289227CE00C4848F /* Products */ = {
			isa = PBXGroup;
			children = (
				478D49FE289227CE00C4848F /* UI-624.app */,
				478D4A0E289227CF00C4848F /* UI-624Tests.xctest */,
				478D4A18289227CF00C4848F /* UI-624UITests.xctest */,
			);
			name = Products;
			sourceTree = "<group>";
		};
		478D4A00289227CE00C4848F /* UI-624 */ = {
			isa = PBXGroup;
			children = (
				478D4A2C289227D900C4848F /* Model */,
				478D4A2B289227D500C4848F /* View */,
				478D4A01289227CE00C4848F /* UI_624App.swift */,
				478D4A03289227CE00C4848F /* ContentView.swift */,
				478D4A05289227CF00C4848F /* Assets.xcassets */,
				478D4A07289227CF00C4848F /* Preview Content */,
			);
			path = "UI-624";
			sourceTree = "<group>";
		};
		478D4A07289227CF00C4848F /* Preview Content */ = {
			isa = PBXGroup;
			children = (
				478D4A08289227CF00C4848F /* Preview Assets.xcassets */,
			);
			path = "Preview Content";
			sourceTree = "<group>";
		};
		478D4A11289227CF00C4848F /* UI-624Tests */ = {
			isa = PBXGroup;
			children = (
				478D4A12289227CF00C4848F /* UI_624Tests.swift */,
			);
			path = "UI-624Tests";
			sourceTree = "<group>";
		};
		478D4A1B289227CF00C4848F /* UI-624UITests */ = {
			isa = PBXGroup;
			children = (
				478D4A1C289227CF00C4848F /* UI_624UITests.swift */,
				478D4A1E289227CF00C4848F /* UI_624UITestsLaunchTests.swift */,
			);
			path = "UI-624UITests";
			sourceTree = "<group>";
		};
		478D4A2B289227D500C4848F /* View */ = {
			isa = PBXGroup;
			children = (
				478D4A2F2892280B00C4848F /* Home.swift */,
			);
			path = View;
			sourceTree = "<group>";
		};
		478D4A2C289227D900C4848F /* Model */ = {
			isa = PBXGroup;
			children = (
				478D4A2D289227F800C4848F /* BrethType.swift */,
			);
			path = Model;
			sourceTree = "<group>";
		};
/* End PBXGroup section */

/* Begin PBXNativeTarget section */
		478D49FD289227CE00C4848F /* UI-624 */ = {
			isa = PBXNativeTarget;
			buildConfigurationList = 478D4A22289227CF00C4848F /* Build configuration list for PBXNativeTarget "UI-624" */;
			buildPhases = (
				478D49FA289227CE00C4848F /* Sources */,
				478D49FB289227CE00C4848F /* Frameworks */,
				478D49FC289227CE00C4848F /* Resources */,
			);
			buildRules = (
			);
			dependencies = (
			);
			name = "UI-624";
			productName = "UI-624";
			productReference = 478D49FE289227CE00C4848F /* UI-624.app */;
			productType = "com.apple.product-type.application";
		};
		478D4A0D289227CF00C4848F /* UI-624Tests */ = {
			isa = PBXNativeTarget;
			buildConfigurationList = 478D4A25289227CF00C4848F /* Build configuration list for PBXNativeTarget "UI-624Tests" */;
			buildPhases = (
				478D4A0A289227CF00C4848F /* Sources */,
				478D4A0B289227CF00C4848F /* Frameworks */,
				478D4A0C289227CF00C4848F /* Resources */,
			);
			buildRules = (
			);
			dependencies = (
				478D4A10289227CF00C4848F /* PBXTargetDependency */,
			);
			name = "UI-624Tests";
			productName = "UI-624Tests";
			productReference = 478D4A0E289227CF00C4848F /* UI-624Tests.xctest */;
			productType = "com.apple.product-type.bundle.unit-test";
		};
		478D4A17289227CF00C4848F /* UI-624UITests */ = {
			isa = PBXNativeTarget;
			buildConfigurationList = 478D4A28289227CF00C4848F /* Build configuration list for PBXNativeTarget "UI-624UITests" */;
			buildPhases = (
				478D4A14289227CF00C4848F /* Sources */,
				478D4A15289227CF00C4848F /* Frameworks */,
				478D4A16289227CF00C4848F /* Resources */,
			);
			buildRules = (
			);
			dependencies = (
				478D4A1A289227CF00C4848F /* PBXTargetDependency */,
			);
			name = "UI-624UITests";
			productName = "UI-624UITests";
			productReference = 478D4A18289227CF00C4848F /* UI-624UITests.xctest */;
			productType = "com.apple.product-type.bundle.ui-testing";
		};
/* End PBXNativeTarget section */

/* Begin PBXProject section */
		478D49F6289227CE00C4848F /* Project object */ = {
			isa = PBXProject;
			attributes = {
				BuildIndependentTargetsInParallel = 1;
				LastSwiftUpdateCheck = 1400;
				LastUpgradeCheck = 1400;
				TargetAttributes = {
					478D49FD289227CE00C4848F = {
						CreatedOnToolsVersion = 14.0;
					};
					478D4A0D289227CF00C4848F = {
						CreatedOnToolsVersion = 14.0;
						TestTargetID = 478D49FD289227CE00C4848F;
					};
					478D4A17289227CF00C4848F = {
						CreatedOnToolsVersion = 14.0;
						TestTargetID = 478D49FD289227CE00C4848F;
					};
				};
			};
			buildConfigurationList = 478D49F9289227CE00C4848F /* Build configuration list for PBXProject "UI-624" */;
			compatibilityVersion = "Xcode 14.0";
			developmentRegion = en;
			hasScannedForEncodings = 0;
			knownRegions = (
				en,
				Base,
			);
			mainGroup = 478D49F5289227CE00C4848F;
			productRefGroup = 478D49FF289227CE00C4848F /* Products */;
			projectDirPath = "";
			projectRoot = "";
			targets = (
				478D49FD289227CE00C4848F /* UI-624 */,
				478D4A0D289227CF00C4848F /* UI-624Tests */,
				478D4A17289227CF00C4848F /* UI-624UITests */,
			);
		};
/* End PBXProject section */

/* Begin PBXResourcesBuildPhase section */
		478D49FC289227CE00C4848F /* Resources */ = {
			isa = PBXResourcesBuildPhase;
			buildActionMask = 2147483647;
			files = (
				478D4A09289227CF00C4848F /* Preview Assets.xcassets in Resources */,
				478D4A06289227CF00C4848F /* Assets.xcassets in Resources */,
			);
			runOnlyForDeploymentPostprocessing = 0;
		};
		478D4A0C289227CF00C4848F /* Resources */ = {
			isa = PBXResourcesBuildPhase;
			buildActionMask = 2147483647;
			files = (
			);
			runOnlyForDeploymentPostprocessing = 0;
		};
		478D4A16289227CF00C4848F /* Resources */ = {
			isa = PBXResourcesBuildPhase;
			buildActionMask = 2147483647;
			files = (
			);
			runOnlyForDeploymentPostprocessing = 0;
		};
/* End PBXResourcesBuildPhase section */

/* Begin PBXSourcesBuildPhase section */
		478D49FA289227CE00C4848F /* Sources */ = {
			isa = PBXSourcesBuildPhase;
			buildActionMask = 2147483647;
			files = (
				478D4A04289227CE00C4848F /* ContentView.swift in Sources */,
				478D4A2E289227F800C4848F /* BrethType.swift in Sources */,
				478D4A302892280B00C4848F /* Home.swift in Sources */,
				478D4A02289227CE00C4848F /* UI_624App.swift in Sources */,
			);
			runOnlyForDeploymentPostprocessing = 0;
		};
		478D4A0A289227CF00C4848F /* Sources */ = {
			isa = PBXSourcesBuildPhase;
			buildActionMask = 2147483647;
			files = (
				478D4A13289227CF00C4848F /* UI_624Tests.swift in Sources */,
			);
			runOnlyForDeploymentPostprocessing = 0;
		};
		478D4A14289227CF00C4848F /* Sources */ = {
			isa = PBXSourcesBuildPhase;
			buildActionMask = 2147483647;
			files = (
				478D4A1D289227CF00C4848F /* UI_624UITests.swift in Sources */,
				478D4A1F289227CF00C4848F /* UI_624UITestsLaunchTests.swift in Sources */,
			);
			runOnlyForDeploymentPostprocessing = 0;
		};
/* End PBXSourcesBuildPhase section */

/* Begin PBXTargetDependency section */
		478D4A10289227CF00C4848F /* PBXTargetDependency */ = {
			isa = PBXTargetDependency;
			target = 478D49FD289227CE00C4848F /* UI-624 */;
			targetProxy = 478D4A0F289227CF00C4848F /* PBXContainerItemProxy */;
		};
		478D4A1A289227CF00C4848F /* PBXTargetDependency */ = {
			isa = PBXTargetDependency;
			target = 478D49FD289227CE00C4848F /* UI-624 */;
			targetProxy = 478D4A19289227CF00C4848F /* PBXContainerItemProxy */;
		};
/* End PBXTargetDependency section */

/* Begin XCBuildConfiguration section */
		478D4A20289227CF00C4848F /* Debug */ = {
			isa = XCBuildConfiguration;
			buildSettings = {
				ALWAYS_SEARCH_USER_PATHS = NO;
				CLANG_ANALYZER_NONNULL = YES;
				CLANG_ANALYZER_NUMBER_OBJECT_CONVERSION = YES_AGGRESSIVE;
				CLANG_CXX_LANGUAGE_STANDARD = "gnu++17";
				CLANG_ENABLE_MODULES = YES;
				CLANG_ENABLE_OBJC_ARC = YES;
				CLANG_ENABLE_OBJC_WEAK = YES;
				CLANG_WARN_BLOCK_CAPTURE_AUTORELEASING = YES;
				CLANG_WARN_BOOL_CONVERSION = YES;
				CLANG_WARN_COMMA = YES;
				CLANG_WARN_CONSTANT_CONVERSION = YES;
				CLANG_WARN_DEPRECATED_OBJC_IMPLEMENTATIONS = YES;
				CLANG_WARN_DIRECT_OBJC_ISA_USAGE = YES_ERROR;
				CLANG_WARN_DOCUMENTATION_COMMENTS = YES;
				CLANG_WARN_EMPTY_BODY = YES;
				CLANG_WARN_ENUM_CONVERSION = YES;
				CLANG_WARN_INFINITE_RECURSION = YES;
				CLANG_WARN_INT_CONVERSION = YES;
				CLANG_WARN_NON_LITERAL_NULL_CONVERSION = YES;
				CLANG_WARN_OBJC_IMPLICIT_RETAIN_SELF = YES;
				CLANG_WARN_OBJC_LITERAL_CONVERSION = YES;
				CLANG_WARN_OBJC_ROOT_CLASS = YES_ERROR;
				CLANG_WARN_QUOTED_INCLUDE_IN_FRAMEWORK_HEADER = YES;
				CLANG_WARN_RANGE_LOOP_ANALYSIS = YES;
				CLANG_WARN_STRICT_PROTOTYPES = YES;
				CLANG_WARN_SUSPICIOUS_MOVE = YES;
				CLANG_WARN_UNGUARDED_AVAILABILITY = YES_AGGRESSIVE;
				CLANG_WARN_UNREACHABLE_CODE = YES;
				CLANG_WARN__DUPLICATE_METHOD_MATCH = YES;
				COPY_PHASE_STRIP = NO;
				DEBUG_INFORMATION_FORMAT = dwarf;
				ENABLE_STRICT_OBJC_MSGSEND = YES;
				ENABLE_TESTABILITY = YES;
				GCC_C_LANGUAGE_STANDARD = gnu11;
				GCC_DYNAMIC_NO_PIC = NO;
				GCC_NO_COMMON_BLOCKS = YES;
				GCC_OPTIMIZATION_LEVEL = 0;
				GCC_PREPROCESSOR_DEFINITIONS = (
					"DEBUG=1",
					"$(inherited)",
				);
				GCC_WARN_64_TO_32_BIT_CONVERSION = YES;
				GCC_WARN_ABOUT_RETURN_TYPE = YES_ERROR;
				GCC_WARN_UNDECLARED_SELECTOR = YES;
				GCC_WARN_UNINITIALIZED_AUTOS = YES_AGGRESSIVE;
				GCC_WARN_UNUSED_FUNCTION = YES;
				GCC_WARN_UNUSED_VARIABLE = YES;
				IPHONEOS_DEPLOYMENT_TARGET = 16.0;
				MTL_ENABLE_DEBUG_INFO = INCLUDE_SOURCE;
				MTL_FAST_MATH = YES;
				ONLY_ACTIVE_ARCH = YES;
				SDKROOT = iphoneos;
				SWIFT_ACTIVE_COMPILATION_CONDITIONS = DEBUG;
				SWIFT_OPTIMIZATION_LEVEL = "-Onone";
			};
			name = Debug;
		};
		478D4A21289227CF00C4848F /* Release */ = {
			isa = XCBuildConfiguration;
			buildSettings = {
				ALWAYS_SEARCH_USER_PATHS = NO;
				CLANG_ANALYZER_NONNULL = YES;
				CLANG_ANALYZER_NUMBER_OBJECT_CONVERSION = YES_AGGRESSIVE;
				CLANG_CXX_LANGUAGE_STANDARD = "gnu++17";
				CLANG_ENABLE_MODULES = YES;
				CLANG_ENABLE_OBJC_ARC = YES;
				CLANG_ENABLE_OBJC_WEAK = YES;
				CLANG_WARN_BLOCK_CAPTURE_AUTORELEASING = YES;
				CLANG_WARN_BOOL_CONVERSION = YES;
				CLANG_WARN_COMMA = YES;
				CLANG_WARN_CONSTANT_CONVERSION = YES;
				CLANG_WARN_DEPRECATED_OBJC_IMPLEMENTATIONS = YES;
				CLANG_WARN_DIRECT_OBJC_ISA_USAGE = YES_ERROR;
				CLANG_WARN_DOCUMENTATION_COMMENTS = YES;
				CLANG_WARN_EMPTY_BODY = YES;
				CLANG_WARN_ENUM_CONVERSION = YES;
				CLANG_WARN_INFINITE_RECURSION = YES;
				CLANG_WARN_INT_CONVERSION = YES;
				CLANG_WARN_NON_LITERAL_NULL_CONVERSION = YES;
				CLANG_WARN_OBJC_IMPLICIT_RETAIN_SELF = YES;
				CLANG_WARN_OBJC_LITERAL_CONVERSION = YES;
				CLANG_WARN_OBJC_ROOT_CLASS = YES_ERROR;
				CLANG_WARN_QUOTED_INCLUDE_IN_FRAMEWORK_HEADER = YES;
				CLANG_WARN_RANGE_LOOP_ANALYSIS = YES;
				CLANG_WARN_STRICT_PROTOTYPES = YES;
				CLANG_WARN_SUSPICIOUS_MOVE = YES;
				CLANG_WARN_UNGUARDED_AVAILABILITY = YES_AGGRESSIVE;
				CLANG_WARN_UNREACHABLE_CODE = YES;
				CLANG_WARN__DUPLICATE_METHOD_MATCH = YES;
				COPY_PHASE_STRIP = NO;
				DEBUG_INFORMATION_FORMAT = "dwarf-with-dsym";
				ENABLE_NS_ASSERTIONS = NO;
				ENABLE_STRICT_OBJC_MSGSEND = YES;
				GCC_C_LANGUAGE_STANDARD = gnu11;
				GCC_NO_COMMON_BLOCKS = YES;
				GCC_WARN_64_TO_32_BIT_CONVERSION = YES;
				GCC_WARN_ABOUT_RETURN_TYPE = YES_ERROR;
				GCC_WARN_UNDECLARED_SELECTOR = YES;
				GCC_WARN_UNINITIALIZED_AUTOS = YES_AGGRESSIVE;
				GCC_WARN_UNUSED_FUNCTION = YES;
				GCC_WARN_UNUSED_VARIABLE = YES;
				IPHONEOS_DEPLOYMENT_TARGET = 16.0;
				MTL_ENABLE_DEBUG_INFO = NO;
				MTL_FAST_MATH = YES;
				SDKROOT = iphoneos;
				SWIFT_COMPILATION_MODE = wholemodule;
				SWIFT_OPTIMIZATION_LEVEL = "-O";
				VALIDATE_PRODUCT = YES;
			};
			name = Release;
		};
		478D4A23289227CF00C4848F /* Debug */ = {
			isa = XCBuildConfiguration;
			buildSettings = {
				ASSETCATALOG_COMPILER_APPICON_NAME = AppIcon;
				ASSETCATALOG_COMPILER_GLOBAL_ACCENT_COLOR_NAME = AccentColor;
				CODE_SIGN_STYLE = Automatic;
				CURRENT_PROJECT_VERSION = 1;
				DEVELOPMENT_ASSET_PATHS = "\"UI-624/Preview Content\"";
				DEVELOPMENT_TEAM = 8CL4U468K5;
				ENABLE_PREVIEWS = YES;
				GENERATE_INFOPLIST_FILE = YES;
				INFOPLIST_KEY_UIApplicationSceneManifest_Generation = YES;
				INFOPLIST_KEY_UIApplicationSupportsIndirectInputEvents = YES;
				INFOPLIST_KEY_UILaunchScreen_Generation = YES;
				INFOPLIST_KEY_UISupportedInterfaceOrientations_iPad = "UIInterfaceOrientationPortrait UIInterfaceOrientationPortraitUpsideDown UIInterfaceOrientationLandscapeLeft UIInterfaceOrientationLandscapeRight";
				INFOPLIST_KEY_UISupportedInterfaceOrientations_iPhone = "UIInterfaceOrientationPortrait UIInterfaceOrientationLandscapeLeft UIInterfaceOrientationLandscapeRight";
				LD_RUNPATH_SEARCH_PATHS = (
					"$(inherited)",
					"@executable_path/Frameworks",
				);
				MARKETING_VERSION = 1.0;
				PRODUCT_BUNDLE_IDENTIFIER = "com.585.UI-624";
				PRODUCT_NAME = "$(TARGET_NAME)";
				SWIFT_EMIT_LOC_STRINGS = YES;
				SWIFT_VERSION = 5.0;
				TARGETED_DEVICE_FAMILY = "1,2";
			};
			name = Debug;
		};
		478D4A24289227CF00C4848F /* Release */ = {
			isa = XCBuildConfiguration;
			buildSettings = {
				ASSETCATALOG_COMPILER_APPICON_NAME = AppIcon;
				ASSETCATALOG_COMPILER_GLOBAL_ACCENT_COLOR_NAME = AccentColor;
				CODE_SIGN_STYLE = Automatic;
				CURRENT_PROJECT_VERSION = 1;
				DEVELOPMENT_ASSET_PATHS = "\"UI-624/Preview Content\"";
				DEVELOPMENT_TEAM = 8CL4U468K5;
				ENABLE_PREVIEWS = YES;
				GENERATE_INFOPLIST_FILE = YES;
				INFOPLIST_KEY_UIApplicationSceneManifest_Generation = YES;
				INFOPLIST_KEY_UIApplicationSupportsIndirectInputEvents = YES;
				INFOPLIST_KEY_UILaunchScreen_Generation = YES;
				INFOPLIST_KEY_UISupportedInterfaceOrientations_iPad = "UIInterfaceOrientationPortrait UIInterfaceOrientationPortraitUpsideDown UIInterfaceOrientationLandscapeLeft UIInterfaceOrientationLandscapeRight";
				INFOPLIST_KEY_UISupportedInterfaceOrientations_iPhone = "UIInterfaceOrientationPortrait UIInterfaceOrientationLandscapeLeft UIInterfaceOrientationLandscapeRight";
				LD_RUNPATH_SEARCH_PATHS = (
					"$(inherited)",
					"@executable_path/Frameworks",
				);
				MARKETING_VERSION = 1.0;
				PRODUCT_BUNDLE_IDENTIFIER = "com.585.UI-624";
				PRODUCT_NAME = "$(TARGET_NAME)";
				SWIFT_EMIT_LOC_STRINGS = YES;
				SWIFT_VERSION = 5.0;
				TARGETED_DEVICE_FAMILY = "1,2";
			};
			name = Release;
		};
		478D4A26289227CF00C4848F /* Debug */ = {
			isa = XCBuildConfiguration;
			buildSettings = {
				ALWAYS_EMBED_SWIFT_STANDARD_LIBRARIES = YES;
				BUNDLE_LOADER = "$(TEST_HOST)";
				CODE_SIGN_STYLE = Automatic;
				CURRENT_PROJECT_VERSION = 1;
				DEVELOPMENT_TEAM = 8CL4U468K5;
				GENERATE_INFOPLIST_FILE = YES;
				IPHONEOS_DEPLOYMENT_TARGET = 16.0;
				MARKETING_VERSION = 1.0;
				PRODUCT_BUNDLE_IDENTIFIER = "com.585.UI-624Tests";
				PRODUCT_NAME = "$(TARGET_NAME)";
				SWIFT_EMIT_LOC_STRINGS = NO;
				SWIFT_VERSION = 5.0;
				TARGETED_DEVICE_FAMILY = "1,2";
				TEST_HOST = "$(BUILT_PRODUCTS_DIR)/UI-624.app/$(BUNDLE_EXECUTABLE_FOLDER_PATH)/UI-624";
			};
			name = Debug;
		};
		478D4A27289227CF00C4848F /* Release */ = {
			isa = XCBuildConfiguration;
			buildSettings = {
				ALWAYS_EMBED_SWIFT_STANDARD_LIBRARIES = YES;
				BUNDLE_LOADER = "$(TEST_HOST)";
				CODE_SIGN_STYLE = Automatic;
				CURRENT_PROJECT_VERSION = 1;
				DEVELOPMENT_TEAM = 8CL4U468K5;
				GENERATE_INFOPLIST_FILE = YES;
				IPHONEOS_DEPLOYMENT_TARGET = 16.0;
				MARKETING_VERSION = 1.0;
				PRODUCT_BUNDLE_IDENTIFIER = "com.585.UI-624Tests";
				PRODUCT_NAME = "$(TARGET_NAME)";
				SWIFT_EMIT_LOC_STRINGS = NO;
				SWIFT_VERSION = 5.0;
				TARGETED_DEVICE_FAMILY = "1,2";
				TEST_HOST = "$(BUILT_PRODUCTS_DIR)/UI-624.app/$(BUNDLE_EXECUTABLE_FOLDER_PATH)/UI-624";
			};
			name = Release;
		};
		478D4A29289227CF00C4848F /* Debug */ = {
			isa = XCBuildConfiguration;
			buildSettings = {
				ALWAYS_EMBED_SWIFT_STANDARD_LIBRARIES = YES;
				CODE_SIGN_STYLE = Automatic;
				CURRENT_PROJECT_VERSION = 1;
				DEVELOPMENT_TEAM = 8CL4U468K5;
				GENERATE_INFOPLIST_FILE = YES;
				MARKETING_VERSION = 1.0;
				PRODUCT_BUNDLE_IDENTIFIER = "com.585.UI-624UITests";
				PRODUCT_NAME = "$(TARGET_NAME)";
				SWIFT_EMIT_LOC_STRINGS = NO;
				SWIFT_VERSION = 5.0;
				TARGETED_DEVICE_FAMILY = "1,2";
				TEST_TARGET_NAME = "UI-624";
			};
			name = Debug;
		};
		478D4A2A289227CF00C4848F /* Release */ = {
			isa = XCBuildConfiguration;
			buildSettings = {
				ALWAYS_EMBED_SWIFT_STANDARD_LIBRARIES = YES;
				CODE_SIGN_STYLE = Automatic;
				CURRENT_PROJECT_VERSION = 1;
				DEVELOPMENT_TEAM = 8CL4U468K5;
				GENERATE_INFOPLIST_FILE = YES;
				MARKETING_VERSION = 1.0;
				PRODUCT_BUNDLE_IDENTIFIER = "com.585.UI-624UITests";
				PRODUCT_NAME = "$(TARGET_NAME)";
				SWIFT_EMIT_LOC_STRINGS = NO;
				SWIFT_VERSION = 5.0;
				TARGETED_DEVICE_FAMILY = "1,2";
				TEST_TARGET_NAME = "UI-624";
			};
			name = Release;
		};
/* End XCBuildConfiguration section */

/* Begin XCConfigurationList section */
		478D49F9289227CE00C4848F /* Build configuration list for PBXProject "UI-624" */ = {
			isa = XCConfigurationList;
			buildConfigurations = (
				478D4A20289227CF00C4848F /* Debug */,
				478D4A21289227CF00C4848F /* Release */,
			);
			defaultConfigurationIsVisible = 0;
			defaultConfigurationName = Release;
		};
		478D4A22289227CF00C4848F /* Build configuration list for PBXNativeTarget "UI-624" */ = {
			isa = XCConfigurationList;
			buildConfigurations = (
				478D4A23289227CF00C4848F /* Debug */,
				478D4A24289227CF00C4848F /* Release */,
			);
			defaultConfigurationIsVisible = 0;
			defaultConfigurationName = Release;
		};
		478D4A25289227CF00C4848F /* Build configuration list for PBXNativeTarget "UI-624Tests" */ = {
			isa = XCConfigurationList;
			buildConfigurations = (
				478D4A26289227CF00C4848F /* Debug */,
				478D4A27289227CF00C4848F /* Release */,
			);
			defaultConfigurationIsVisible = 0;
			defaultConfigurationName = Release;
		};
		478D4A28289227CF00C4848F /* Build configuration list for PBXNativeTarget "UI-624UITests" */ = {
			isa = XCConfigurationList;
			buildConfigurations = (
				478D4A29289227CF00C4848F /* Debug */,
				478D4A2A289227CF00C4848F /* Release */,
			);
			defaultConfigurationIsVisible = 0;
			defaultConfigurationName = Release;
		};
/* End XCConfigurationList section */
	};
	rootObject = 478D49F6289227CE00C4848F /* Project object */;
}
